{
    "name": "template-vite-ts",
    "version": "1.2.1",
    "lockfileVersion": 3,
    "requires": true,
    "packages": {
        "": {
            "name": "template-vite-ts",
            "version": "1.2.1",
            "license": "MIT",
            "dependencies": {
                "@kayahr/tiled": "^0.0.1",
                "@ziagl/tiled-map-cities": "^0.0.5",
                "@ziagl/tiled-map-generator": "^1.2.0",
                "@ziagl/tiled-map-path-finder": "^1.0.3",
                "@ziagl/tiled-map-resources": "^0.0.4",
                "@ziagl/tiled-map-units": "^0.1.7",
                "@ziagl/tiled-map-utils": "^0.0.4",
                "honeycomb-grid": "^4.1.5",
                "phaser": "^3.80.1",
                "phaser3-rex-plugins": "^1.80.4",
                "short-uuid": "^5.2.0"
            },
            "devDependencies": {
                "prettier": "^3.3.3",
                "terser": "^5.28.1",
                "typescript": "^5.3.3",
                "vite": "^5.1.4"
            }
        },
        "node_modules/@babel/runtime": {
            "version": "7.24.7",
            "license": "MIT",
            "dependencies": {
                "regenerator-runtime": "^0.14.0"
            },
            "engines": {
                "node": ">=6.9.0"
            }
        },
        "node_modules/@esbuild/win32-x64": {
            "version": "0.20.2",
            "cpu": [
                "x64"
            ],
            "dev": true,
            "license": "MIT",
            "optional": true,
            "os": [
                "win32"
            ],
            "engines": {
                "node": ">=12"
            }
        },
        "node_modules/@jridgewell/gen-mapping": {
            "version": "0.3.3",
            "dev": true,
            "license": "MIT",
            "dependencies": {
                "@jridgewell/set-array": "^1.0.1",
                "@jridgewell/sourcemap-codec": "^1.4.10",
                "@jridgewell/trace-mapping": "^0.3.9"
            },
            "engines": {
                "node": ">=6.0.0"
            }
        },
        "node_modules/@jridgewell/resolve-uri": {
            "version": "3.1.1",
            "dev": true,
            "license": "MIT",
            "engines": {
                "node": ">=6.0.0"
            }
        },
        "node_modules/@jridgewell/set-array": {
            "version": "1.1.2",
            "dev": true,
            "license": "MIT",
            "engines": {
                "node": ">=6.0.0"
            }
        },
        "node_modules/@jridgewell/source-map": {
            "version": "0.3.5",
            "dev": true,
            "license": "MIT",
            "dependencies": {
                "@jridgewell/gen-mapping": "^0.3.0",
                "@jridgewell/trace-mapping": "^0.3.9"
            }
        },
        "node_modules/@jridgewell/sourcemap-codec": {
            "version": "1.4.15",
            "dev": true,
            "license": "MIT"
        },
        "node_modules/@jridgewell/trace-mapping": {
            "version": "0.3.22",
            "dev": true,
            "license": "MIT",
            "dependencies": {
                "@jridgewell/resolve-uri": "^3.1.0",
                "@jridgewell/sourcemap-codec": "^1.4.14"
            }
        },
        "node_modules/@kayahr/tiled": {
            "version": "0.0.1",
            "license": "MIT",
            "dependencies": {
                "base64-js": "^1.5.1",
                "fzstd": "^0.1.0",
                "pako": "^2.1.0",
                "tslib": "^2.6.2"
            },
            "funding": {
                "url": "https://github.com/kayahr/tiled?sponsor=1"
            }
        },
        "node_modules/@rollup/rollup-win32-x64-msvc": {
            "version": "4.17.2",
            "cpu": [
                "x64"
            ],
            "dev": true,
            "license": "MIT",
            "optional": true,
            "os": [
                "win32"
            ]
        },
        "node_modules/@types/estree": {
            "version": "1.0.5",
            "dev": true,
            "license": "MIT"
        },
        "node_modules/@ziagl/tiled-map-cities": {
            "version": "0.0.5",
            "license": "GNU LESSER GENERAL PUBLIC LICENSE",
            "dependencies": {
                "@ziagl/tiled-map-utils": "^0.0.1",
                "honeycomb-grid": "^4.1.5"
            }
        },
        "node_modules/@ziagl/tiled-map-cities/node_modules/@ziagl/tiled-map-utils": {
            "version": "0.0.1",
            "license": "GNU LESSER GENERAL PUBLIC LICENSE",
            "dependencies": {
                "honeycomb-grid": "^4.1.5"
            }
        },
        "node_modules/@ziagl/tiled-map-generator": {
            "version": "1.2.0",
            "resolved": "https://registry.npmjs.org/@ziagl/tiled-map-generator/-/tiled-map-generator-1.2.0.tgz",
            "integrity": "sha512-HseSM50xhKT+ELAIELMOKGhPWeoNv4kr5JRVzJy8NObKSQQspE8eaRG26RNWcw5fv2iXzJjfPKxp9fVteawxRQ==",
            "license": "GNU LESSER GENERAL PUBLIC LICENSE",
            "dependencies": {
                "@kayahr/tiled": "^0.0.1",
                "@ziagl/tiled-map-utils": "^0.0.4",
                "honeycomb-grid": "^4.1.5"
            }
        },
        "node_modules/@ziagl/tiled-map-path-finder": {
            "version": "1.0.3",
            "license": "GNU LESSER GENERAL PUBLIC LICENSE",
            "dependencies": {
                "@ziagl/tiled-map-utils": "^0.0.3",
                "honeycomb-grid": "^4.1.5"
            }
        },
        "node_modules/@ziagl/tiled-map-path-finder/node_modules/@ziagl/tiled-map-utils": {
            "version": "0.0.3",
            "license": "GNU LESSER GENERAL PUBLIC LICENSE",
            "dependencies": {
                "honeycomb-grid": "^4.1.5"
            }
        },
        "node_modules/@ziagl/tiled-map-resources": {
            "version": "0.0.4",
            "resolved": "https://registry.npmjs.org/@ziagl/tiled-map-resources/-/tiled-map-resources-0.0.4.tgz",
            "integrity": "sha512-r+JdpykfmneOrnyX/NjV/V8C7H77Bbtw71+pJav2tKqT9oRYubu8Kp/ZCdGCsESG0B4yvRNZcycKQks7uxSorg==",
            "license": "GNU LESSER GENERAL PUBLIC LICENSE",
            "dependencies": {
                "@ziagl/tiled-map-utils": "^0.0.4",
                "honeycomb-grid": "^4.1.5"
            }
        },
        "node_modules/@ziagl/tiled-map-units": {
            "version": "0.1.7",
            "resolved": "https://registry.npmjs.org/@ziagl/tiled-map-units/-/tiled-map-units-0.1.7.tgz",
            "integrity": "sha512-1c6Qq3PlbwV2VrlgCqbUcqEtRrHSP+SNpt/fDsUzjzX6B8DcurrFRx0kWvP/fJ1sXBhWaggLikQZi4LPIg3PSg==",
            "license": "GNU LESSER GENERAL PUBLIC LICENSE",
            "dependencies": {
                "@ziagl/tiled-map-utils": "^0.0.1",
                "honeycomb-grid": "^4.1.5"
            }
        },
        "node_modules/@ziagl/tiled-map-units/node_modules/@ziagl/tiled-map-utils": {
            "version": "0.0.1",
            "license": "GNU LESSER GENERAL PUBLIC LICENSE",
            "dependencies": {
                "honeycomb-grid": "^4.1.5"
            }
        },
        "node_modules/@ziagl/tiled-map-utils": {
            "version": "0.0.4",
            "license": "GNU LESSER GENERAL PUBLIC LICENSE",
            "dependencies": {
                "honeycomb-grid": "^4.1.5"
            }
        },
        "node_modules/acorn": {
            "version": "8.11.3",
            "dev": true,
            "license": "MIT",
            "bin": {
                "acorn": "bin/acorn"
            },
            "engines": {
                "node": ">=0.4.0"
            }
        },
        "node_modules/any-base": {
            "version": "1.1.0",
            "license": "MIT"
        },
        "node_modules/argparse": {
            "version": "2.0.1",
            "license": "Python-2.0"
        },
        "node_modules/base64-js": {
            "version": "1.5.1",
            "funding": [
                {
                    "type": "github",
                    "url": "https://github.com/sponsors/feross"
                },
                {
                    "type": "patreon",
                    "url": "https://www.patreon.com/feross"
                },
                {
                    "type": "consulting",
                    "url": "https://feross.org/support"
                }
            ],
            "license": "MIT"
        },
        "node_modules/buffer-from": {
            "version": "1.1.2",
            "dev": true,
            "license": "MIT"
        },
        "node_modules/commander": {
            "version": "2.20.3",
            "dev": true,
            "license": "MIT"
        },
        "node_modules/cross-fetch": {
            "version": "4.0.0",
            "license": "MIT",
            "dependencies": {
                "node-fetch": "^2.6.12"
            }
        },
        "node_modules/esbuild": {
            "version": "0.20.2",
            "dev": true,
            "hasInstallScript": true,
            "license": "MIT",
            "bin": {
                "esbuild": "bin/esbuild"
            },
            "engines": {
                "node": ">=12"
            },
            "optionalDependencies": {
                "@esbuild/aix-ppc64": "0.20.2",
                "@esbuild/android-arm": "0.20.2",
                "@esbuild/android-arm64": "0.20.2",
                "@esbuild/android-x64": "0.20.2",
                "@esbuild/darwin-arm64": "0.20.2",
                "@esbuild/darwin-x64": "0.20.2",
                "@esbuild/freebsd-arm64": "0.20.2",
                "@esbuild/freebsd-x64": "0.20.2",
                "@esbuild/linux-arm": "0.20.2",
                "@esbuild/linux-arm64": "0.20.2",
                "@esbuild/linux-ia32": "0.20.2",
                "@esbuild/linux-loong64": "0.20.2",
                "@esbuild/linux-mips64el": "0.20.2",
                "@esbuild/linux-ppc64": "0.20.2",
                "@esbuild/linux-riscv64": "0.20.2",
                "@esbuild/linux-s390x": "0.20.2",
                "@esbuild/linux-x64": "0.20.2",
                "@esbuild/netbsd-x64": "0.20.2",
                "@esbuild/openbsd-x64": "0.20.2",
                "@esbuild/sunos-x64": "0.20.2",
                "@esbuild/win32-arm64": "0.20.2",
                "@esbuild/win32-ia32": "0.20.2",
                "@esbuild/win32-x64": "0.20.2"
            }
        },
        "node_modules/eventemitter3": {
            "version": "5.0.1",
            "license": "MIT"
        },
        "node_modules/fzstd": {
            "version": "0.1.1",
            "license": "MIT"
        },
        "node_modules/honeycomb-grid": {
            "version": "4.1.5",
            "license": "MIT",
            "engines": {
                "node": ">=16"
            }
        },
        "node_modules/i18next": {
            "version": "22.5.1",
            "funding": [
                {
                    "type": "individual",
                    "url": "https://locize.com"
                },
                {
                    "type": "individual",
                    "url": "https://locize.com/i18next.html"
                },
                {
                    "type": "individual",
                    "url": "https://www.i18next.com/how-to/faq#i18next-is-awesome.-how-can-i-support-the-project"
                }
            ],
            "license": "MIT",
            "dependencies": {
                "@babel/runtime": "^7.20.6"
            }
        },
        "node_modules/i18next-http-backend": {
            "version": "2.5.2",
            "license": "MIT",
            "dependencies": {
                "cross-fetch": "4.0.0"
            }
        },
        "node_modules/js-yaml": {
            "version": "4.1.0",
            "license": "MIT",
            "dependencies": {
                "argparse": "^2.0.1"
            },
            "bin": {
                "js-yaml": "bin/js-yaml.js"
            }
        },
        "node_modules/mustache": {
            "version": "4.2.0",
            "license": "MIT",
            "bin": {
                "mustache": "bin/mustache"
            }
        },
        "node_modules/nanoid": {
            "version": "3.3.7",
            "dev": true,
            "funding": [
                {
                    "type": "github",
                    "url": "https://github.com/sponsors/ai"
                }
            ],
            "license": "MIT",
            "bin": {
                "nanoid": "bin/nanoid.cjs"
            },
            "engines": {
                "node": "^10 || ^12 || ^13.7 || ^14 || >=15.0.1"
            }
        },
        "node_modules/node-fetch": {
            "version": "2.7.0",
            "license": "MIT",
            "dependencies": {
                "whatwg-url": "^5.0.0"
            },
            "engines": {
                "node": "4.x || >=6.0.0"
            },
            "peerDependencies": {
                "encoding": "^0.1.0"
            },
            "peerDependenciesMeta": {
                "encoding": {
                    "optional": true
                }
            }
        },
        "node_modules/pako": {
            "version": "2.1.0",
            "license": "(MIT AND Zlib)"
        },
        "node_modules/papaparse": {
            "version": "5.4.1",
            "license": "MIT"
        },
        "node_modules/phaser": {
            "version": "3.80.1",
            "license": "MIT",
            "dependencies": {
                "eventemitter3": "^5.0.1"
            }
        },
        "node_modules/phaser3-rex-plugins": {
            "version": "1.80.4",
            "license": "MIT",
            "dependencies": {
                "eventemitter3": "^3.1.2",
                "i18next": "^22.5.1",
                "i18next-http-backend": "^2.5.0",
                "js-yaml": "^4.1.0",
                "mustache": "^4.2.0",
                "papaparse": "^5.4.1",
                "webfontloader": "^1.6.28"
            }
        },
        "node_modules/phaser3-rex-plugins/node_modules/eventemitter3": {
            "version": "3.1.2",
            "license": "MIT"
        },
        "node_modules/picocolors": {
            "version": "1.0.0",
            "dev": true,
            "license": "ISC"
        },
        "node_modules/postcss": {
            "version": "8.4.38",
            "dev": true,
            "funding": [
                {
                    "type": "opencollective",
                    "url": "https://opencollective.com/postcss/"
                },
                {
                    "type": "tidelift",
                    "url": "https://tidelift.com/funding/github/npm/postcss"
                },
                {
                    "type": "github",
                    "url": "https://github.com/sponsors/ai"
                }
            ],
            "license": "MIT",
            "dependencies": {
                "nanoid": "^3.3.7",
                "picocolors": "^1.0.0",
                "source-map-js": "^1.2.0"
            },
            "engines": {
                "node": "^10 || ^12 || >=14"
            }
        },
        "node_modules/prettier": {
            "version": "3.3.3",
            "dev": true,
            "license": "MIT",
            "bin": {
                "prettier": "bin/prettier.cjs"
            },
            "engines": {
                "node": ">=14"
            },
            "funding": {
                "url": "https://github.com/prettier/prettier?sponsor=1"
            }
        },
        "node_modules/regenerator-runtime": {
            "version": "0.14.1",
            "license": "MIT"
        },
        "node_modules/rollup": {
            "version": "4.17.2",
            "dev": true,
            "license": "MIT",
            "dependencies": {
                "@types/estree": "1.0.5"
            },
            "bin": {
                "rollup": "dist/bin/rollup"
            },
            "engines": {
                "node": ">=18.0.0",
                "npm": ">=8.0.0"
            },
            "optionalDependencies": {
                "@rollup/rollup-android-arm-eabi": "4.17.2",
                "@rollup/rollup-android-arm64": "4.17.2",
                "@rollup/rollup-darwin-arm64": "4.17.2",
                "@rollup/rollup-darwin-x64": "4.17.2",
                "@rollup/rollup-linux-arm-gnueabihf": "4.17.2",
                "@rollup/rollup-linux-arm-musleabihf": "4.17.2",
                "@rollup/rollup-linux-arm64-gnu": "4.17.2",
                "@rollup/rollup-linux-arm64-musl": "4.17.2",
                "@rollup/rollup-linux-powerpc64le-gnu": "4.17.2",
                "@rollup/rollup-linux-riscv64-gnu": "4.17.2",
                "@rollup/rollup-linux-s390x-gnu": "4.17.2",
                "@rollup/rollup-linux-x64-gnu": "4.17.2",
                "@rollup/rollup-linux-x64-musl": "4.17.2",
                "@rollup/rollup-win32-arm64-msvc": "4.17.2",
                "@rollup/rollup-win32-ia32-msvc": "4.17.2",
                "@rollup/rollup-win32-x64-msvc": "4.17.2",
                "fsevents": "~2.3.2"
            }
        },
        "node_modules/short-uuid": {
            "version": "5.2.0",
            "license": "MIT",
            "dependencies": {
                "any-base": "^1.1.0",
                "uuid": "^9.0.1"
            },
            "engines": {
                "node": ">=14"
            }
        },
        "node_modules/source-map": {
            "version": "0.6.1",
            "dev": true,
            "license": "BSD-3-Clause",
            "engines": {
                "node": ">=0.10.0"
            }
        },
        "node_modules/source-map-js": {
            "version": "1.2.0",
            "dev": true,
            "license": "BSD-3-Clause",
            "engines": {
                "node": ">=0.10.0"
            }
        },
        "node_modules/source-map-support": {
            "version": "0.5.21",
            "dev": true,
            "license": "MIT",
            "dependencies": {
                "buffer-from": "^1.0.0",
                "source-map": "^0.6.0"
            }
        },
        "node_modules/terser": {
            "version": "5.31.0",
            "dev": true,
            "license": "BSD-2-Clause",
            "dependencies": {
                "@jridgewell/source-map": "^0.3.3",
                "acorn": "^8.8.2",
                "commander": "^2.20.0",
                "source-map-support": "~0.5.20"
            },
            "bin": {
                "terser": "bin/terser"
            },
            "engines": {
                "node": ">=10"
            }
        },
        "node_modules/tr46": {
            "version": "0.0.3",
            "license": "MIT"
        },
        "node_modules/tslib": {
            "version": "2.6.2",
            "license": "0BSD"
        },
        "node_modules/typescript": {
            "version": "5.3.3",
            "dev": true,
            "license": "Apache-2.0",
            "bin": {
                "tsc": "bin/tsc",
                "tsserver": "bin/tsserver"
            },
            "engines": {
                "node": ">=14.17"
            }
        },
        "node_modules/uuid": {
            "version": "9.0.1",
            "funding": [
                "https://github.com/sponsors/broofa",
                "https://github.com/sponsors/ctavan"
            ],
            "license": "MIT",
            "bin": {
                "uuid": "dist/bin/uuid"
            }
        },
        "node_modules/vite": {
            "version": "5.2.11",
            "dev": true,
            "license": "MIT",
            "dependencies": {
                "esbuild": "^0.20.1",
                "postcss": "^8.4.38",
                "rollup": "^4.13.0"
            },
            "bin": {
                "vite": "bin/vite.js"
            },
            "engines": {
                "node": "^18.0.0 || >=20.0.0"
            },
            "funding": {
                "url": "https://github.com/vitejs/vite?sponsor=1"
            },
            "optionalDependencies": {
                "fsevents": "~2.3.3"
            },
            "peerDependencies": {
                "@types/node": "^18.0.0 || >=20.0.0",
                "less": "*",
                "lightningcss": "^1.21.0",
                "sass": "*",
                "stylus": "*",
                "sugarss": "*",
                "terser": "^5.4.0"
            },
            "peerDependenciesMeta": {
                "@types/node": {
                    "optional": true
                },
                "less": {
                    "optional": true
                },
                "lightningcss": {
                    "optional": true
                },
                "sass": {
                    "optional": true
                },
                "stylus": {
                    "optional": true
                },
                "sugarss": {
                    "optional": true
                },
                "terser": {
                    "optional": true
                }
            }
        },
        "node_modules/webfontloader": {
            "version": "1.6.28",
            "license": "Apache-2.0"
        },
        "node_modules/webidl-conversions": {
            "version": "3.0.1",
            "license": "BSD-2-Clause"
        },
        "node_modules/whatwg-url": {
            "version": "5.0.0",
            "license": "MIT",
            "dependencies": {
                "tr46": "~0.0.3",
                "webidl-conversions": "^3.0.0"
            }
        }
    }
}
